
Microsoft Visual Studio Solution File, Format Version 12.00
# Visual Studio Version 16
VisualStudioVersion = 16.0.30413.136
MinimumVisualStudioVersion = 10.0.40219.1
Project("{2150E333-8FDC-42A3-9474-1A3956D46DE8}") = "UI", "UI", "{039B2197-124F-4502-9BA7-6B715D07024B}"
EndProject
Project("{9A19103F-16F7-4668-BE54-9A1E7A4F7556}") = "HomeBudget.UI", "HomeBudget.UI\HomeBudget.UI.csproj", "{FAA3BBBB-D4B6-4FBE-83E9-D35292740CA1}"
EndProject
Project("{2150E333-8FDC-42A3-9474-1A3956D46DE8}") = "MonthBudget", "MonthBudget", "{89DB9E96-F675-4793-AF26-8B7CDF0FD434}"
EndProject
Project("{2150E333-8FDC-42A3-9474-1A3956D46DE8}") = "Account", "Account", "{D13AD876-170D-4727-BD6D-E3C2D8B02F13}"
EndProject
Project("{FAE04EC0-301F-11D3-BF4B-00C04F79EFBC}") = "HomeBudget.Account.Domain", "HomeBudget.Account.Domain\HomeBudget.Account.Domain.csproj", "{B86E9E22-56A3-4DA7-8CE1-2846E89A4821}"
EndProject
Project("{FAE04EC0-301F-11D3-BF4B-00C04F79EFBC}") = "HomeBudget.Account.Infrastructure", "HomeBudget.Account.Infrastructure\HomeBudget.Account.Infrastructure.csproj", "{547817FD-46A3-4B29-A13C-2C4C257DCB87}"
EndProject
Project("{FAE04EC0-301F-11D3-BF4B-00C04F79EFBC}") = "HomeBudget.Account.API", "HomeBudget.Account.API\HomeBudget.Account.API.csproj", "{792A9F9F-ED03-48DF-B509-F0D73411C1BF}"
EndProject
Project("{FAE04EC0-301F-11D3-BF4B-00C04F79EFBC}") = "HomeBudget.Integration", "HomeBudget.Integration\HomeBudget.Integration.csproj", "{D2D5B166-4FBE-44E2-9C7D-70750E151F81}"
EndProject
Project("{FAE04EC0-301F-11D3-BF4B-00C04F79EFBC}") = "HomeBudget.Core", "HomeBudget.Core\HomeBudget.Core.csproj", "{FA56BEA0-7935-4DFA-BD00-E6E74DFDC99E}"
EndProject
Project("{FAE04EC0-301F-11D3-BF4B-00C04F79EFBC}") = "HomeBudget.MonthBudget.API", "HomeBudget.MonthBudget.API\HomeBudget.MonthBudget.API.csproj", "{B822BAD6-02ED-427E-9380-A6B201D93353}"
EndProject
Project("{FAE04EC0-301F-11D3-BF4B-00C04F79EFBC}") = "HomeBudget.MonthBudget.Domain", "HomeBudget.MonthBudget.Domain\HomeBudget.MonthBudget.Domain.csproj", "{08F91F84-A6C3-45D8-9529-EC6936AB2C9D}"
EndProject
Project("{FAE04EC0-301F-11D3-BF4B-00C04F79EFBC}") = "HomeBudget.MonthBudget.Infrastructure", "HomeBudget.MonthBudget.Infrastructure\HomeBudget.MonthBudget.Infrastructure.csproj", "{B5D4F9A4-C40B-4A52-806D-63B82AF6A4DF}"
EndProject
Global
	GlobalSection(SolutionConfigurationPlatforms) = preSolution
		Debug|Any CPU = Debug|Any CPU
		Release|Any CPU = Release|Any CPU
	EndGlobalSection
	GlobalSection(ProjectConfigurationPlatforms) = postSolution
		{FAA3BBBB-D4B6-4FBE-83E9-D35292740CA1}.Debug|Any CPU.ActiveCfg = Debug|Any CPU
		{FAA3BBBB-D4B6-4FBE-83E9-D35292740CA1}.Debug|Any CPU.Build.0 = Debug|Any CPU
		{FAA3BBBB-D4B6-4FBE-83E9-D35292740CA1}.Release|Any CPU.ActiveCfg = Release|Any CPU
		{FAA3BBBB-D4B6-4FBE-83E9-D35292740CA1}.Release|Any CPU.Build.0 = Release|Any CPU
		{B86E9E22-56A3-4DA7-8CE1-2846E89A4821}.Debug|Any CPU.ActiveCfg = Debug|Any CPU
		{B86E9E22-56A3-4DA7-8CE1-2846E89A4821}.Debug|Any CPU.Build.0 = Debug|Any CPU
		{B86E9E22-56A3-4DA7-8CE1-2846E89A4821}.Release|Any CPU.ActiveCfg = Release|Any CPU
		{B86E9E22-56A3-4DA7-8CE1-2846E89A4821}.Release|Any CPU.Build.0 = Release|Any CPU
		{547817FD-46A3-4B29-A13C-2C4C257DCB87}.Debug|Any CPU.ActiveCfg = Debug|Any CPU
		{547817FD-46A3-4B29-A13C-2C4C257DCB87}.Debug|Any CPU.Build.0 = Debug|Any CPU
		{547817FD-46A3-4B29-A13C-2C4C257DCB87}.Release|Any CPU.ActiveCfg = Release|Any CPU
		{547817FD-46A3-4B29-A13C-2C4C257DCB87}.Release|Any CPU.Build.0 = Release|Any CPU
		{792A9F9F-ED03-48DF-B509-F0D73411C1BF}.Debug|Any CPU.ActiveCfg = Debug|Any CPU
		{792A9F9F-ED03-48DF-B509-F0D73411C1BF}.Debug|Any CPU.Build.0 = Debug|Any CPU
		{792A9F9F-ED03-48DF-B509-F0D73411C1BF}.Release|Any CPU.ActiveCfg = Release|Any CPU
		{792A9F9F-ED03-48DF-B509-F0D73411C1BF}.Release|Any CPU.Build.0 = Release|Any CPU
		{D2D5B166-4FBE-44E2-9C7D-70750E151F81}.Debug|Any CPU.ActiveCfg = Debug|Any CPU
		{D2D5B166-4FBE-44E2-9C7D-70750E151F81}.Debug|Any CPU.Build.0 = Debug|Any CPU
		{D2D5B166-4FBE-44E2-9C7D-70750E151F81}.Release|Any CPU.ActiveCfg = Release|Any CPU
		{D2D5B166-4FBE-44E2-9C7D-70750E151F81}.Release|Any CPU.Build.0 = Release|Any CPU
		{FA56BEA0-7935-4DFA-BD00-E6E74DFDC99E}.Debug|Any CPU.ActiveCfg = Debug|Any CPU
		{FA56BEA0-7935-4DFA-BD00-E6E74DFDC99E}.Debug|Any CPU.Build.0 = Debug|Any CPU
		{FA56BEA0-7935-4DFA-BD00-E6E74DFDC99E}.Release|Any CPU.ActiveCfg = Release|Any CPU
		{FA56BEA0-7935-4DFA-BD00-E6E74DFDC99E}.Release|Any CPU.Build.0 = Release|Any CPU
		{B822BAD6-02ED-427E-9380-A6B201D93353}.Debug|Any CPU.ActiveCfg = Debug|Any CPU
		{B822BAD6-02ED-427E-9380-A6B201D93353}.Debug|Any CPU.Build.0 = Debug|Any CPU
		{B822BAD6-02ED-427E-9380-A6B201D93353}.Release|Any CPU.ActiveCfg = Release|Any CPU
		{B822BAD6-02ED-427E-9380-A6B201D93353}.Release|Any CPU.Build.0 = Release|Any CPU
		{08F91F84-A6C3-45D8-9529-EC6936AB2C9D}.Debug|Any CPU.ActiveCfg = Debug|Any CPU
		{08F91F84-A6C3-45D8-9529-EC6936AB2C9D}.Debug|Any CPU.Build.0 = Debug|Any CPU
		{08F91F84-A6C3-45D8-9529-EC6936AB2C9D}.Release|Any CPU.ActiveCfg = Release|Any CPU
		{08F91F84-A6C3-45D8-9529-EC6936AB2C9D}.Release|Any CPU.Build.0 = Release|Any CPU
		{B5D4F9A4-C40B-4A52-806D-63B82AF6A4DF}.Debug|Any CPU.ActiveCfg = Debug|Any CPU
		{B5D4F9A4-C40B-4A52-806D-63B82AF6A4DF}.Debug|Any CPU.Build.0 = Debug|Any CPU
		{B5D4F9A4-C40B-4A52-806D-63B82AF6A4DF}.Release|Any CPU.ActiveCfg = Release|Any CPU
		{B5D4F9A4-C40B-4A52-806D-63B82AF6A4DF}.Release|Any CPU.Build.0 = Release|Any CPU
	EndGlobalSection
	GlobalSection(SolutionProperties) = preSolution
		HideSolutionNode = FALSE
	EndGlobalSection
	GlobalSection(NestedProjects) = preSolution
		{039B2197-124F-4502-9BA7-6B715D07024B} = {89DB9E96-F675-4793-AF26-8B7CDF0FD434}
		{B86E9E22-56A3-4DA7-8CE1-2846E89A4821} = {D13AD876-170D-4727-BD6D-E3C2D8B02F13}
		{547817FD-46A3-4B29-A13C-2C4C257DCB87} = {D13AD876-170D-4727-BD6D-E3C2D8B02F13}
		{792A9F9F-ED03-48DF-B509-F0D73411C1BF} = {D13AD876-170D-4727-BD6D-E3C2D8B02F13}
		{B822BAD6-02ED-427E-9380-A6B201D93353} = {89DB9E96-F675-4793-AF26-8B7CDF0FD434}
		{08F91F84-A6C3-45D8-9529-EC6936AB2C9D} = {89DB9E96-F675-4793-AF26-8B7CDF0FD434}
		{B5D4F9A4-C40B-4A52-806D-63B82AF6A4DF} = {89DB9E96-F675-4793-AF26-8B7CDF0FD434}
	EndGlobalSection
	GlobalSection(ExtensibilityGlobals) = postSolution
		SolutionGuid = {CABFC7E4-BA46-444C-AA01-15CEC8AD0A5C}
	EndGlobalSection
EndGlobal
